
Microsoft Visual Studio Solution File, Format Version 12.00
# Visual Studio 14
VisualStudioVersion = 14.0.25420.1
MinimumVisualStudioVersion = 10.0.40219.1
Project("{FAE04EC0-301F-11D3-BF4B-00C04F79EFBC}") = "ServerChat", "ServerChat\ServerChat.csproj", "{3CC1165C-9E23-43C1-96F2-A22588FAA257}"
EndProject
Project("{FAE04EC0-301F-11D3-BF4B-00C04F79EFBC}") = "ClientChat", "ClientChat\ClientChat.csproj", "{395340BD-CF9F-46C3-82DC-726FD06C9CC8}"
EndProject
Global
	GlobalSection(SolutionConfigurationPlatforms) = preSolution
		Debug|Any CPU = Debug|Any CPU
		Release|Any CPU = Release|Any CPU
	EndGlobalSection
	GlobalSection(ProjectConfigurationPlatforms) = postSolution
		{3CC1165C-9E23-43C1-96F2-A22588FAA257}.Debug|Any CPU.ActiveCfg = Debug|Any CPU
		{3CC1165C-9E23-43C1-96F2-A22588FAA257}.Debug|Any CPU.Build.0 = Debug|Any CPU
		{3CC1165C-9E23-43C1-96F2-A22588FAA257}.Release|Any CPU.ActiveCfg = Release|Any CPU
		{3CC1165C-9E23-43C1-96F2-A22588FAA257}.Release|Any CPU.Build.0 = Release|Any CPU
		{395340BD-CF9F-46C3-82DC-726FD06C9CC8}.Debug|Any CPU.ActiveCfg = Debug|Any CPU
		{395340BD-CF9F-46C3-82DC-726FD06C9CC8}.Debug|Any CPU.Build.0 = Debug|Any CPU
		{395340BD-CF9F-46C3-82DC-726FD06C9CC8}.Release|Any CPU.ActiveCfg = Release|Any CPU
		{395340BD-CF9F-46C3-82DC-726FD06C9CC8}.Release|Any CPU.Build.0 = Release|Any CPU
	EndGlobalSection
	GlobalSection(SolutionProperties) = preSolution
		HideSolutionNode = FALSE
	EndGlobalSection
EndGlobal
